{
  "name": "mc-telegram-bot",
  "version": "1.0.0",
  "lockfileVersion": 3,
  "requires": true,
  "packages": {
    "": {
      "name": "mc-telegram-bot",
      "version": "1.0.0",
      "dependencies": {
        "bedrock-protocol": "^3.32.0",
        "mineflayer": "^4.10.0",
        "telegraf": "^4.12.0"
      }
    }
  }
}
